Microsoft Visual Studio Solution File, Format Version 12.00
# Visual Studio 14
VisualStudioVersion = 14.0.25420.1
MinimumVisualStudioVersion = 10.0.40219.1
Project("{8BC9CEB8-8B4A-11D0-8D11-00A0C91BC942}") = "DelaunayTriangulation", "DelaunayTriangulation\DelaunayTriangulation.vcxproj", "{515A85C9-55DB-4859-B395-04AC7B8218EA}"
EndProject
Project("{8BC9CEB8-8B4A-11D0-8D11-00A0C91BC942}") = "voronoi", "voronoi\voronoi\voronoi.vcxproj", "{26F6F6C7-9C2C-4B30-AE4B-BFC3854B1A9F}"
EndProject
Global
	GlobalSection(SolutionConfigurationPlatforms) = preSolution
		Debug|x64 = Debug|x64
		Debug|x86 = Debug|x86
		Release|x64 = Release|x64
		Release|x86 = Release|x86
	EndGlobalSection
	GlobalSection(ProjectConfigurationPlatforms) = postSolution
		{515A85C9-55DB-4859-B395-04AC7B8218EA}.Debug|x64.ActiveCfg = Debug|Win32
		{515A85C9-55DB-4859-B395-04AC7B8218EA}.Debug|x86.ActiveCfg = Debug|Win32
		{515A85C9-55DB-4859-B395-04AC7B8218EA}.Debug|x86.Build.0 = Debug|Win32
		{515A85C9-55DB-4859-B395-04AC7B8218EA}.Release|x64.ActiveCfg = Release|Win32
		{515A85C9-55DB-4859-B395-04AC7B8218EA}.Release|x86.ActiveCfg = Release|Win32
		{515A85C9-55DB-4859-B395-04AC7B8218EA}.Release|x86.Build.0 = Release|Win32
		{26F6F6C7-9C2C-4B30-AE4B-BFC3854B1A9F}.Debug|x64.ActiveCfg = Debug|x64
		{26F6F6C7-9C2C-4B30-AE4B-BFC3854B1A9F}.Debug|x64.Build.0 = Debug|x64
		{26F6F6C7-9C2C-4B30-AE4B-BFC3854B1A9F}.Debug|x86.ActiveCfg = Debug|Win32
		{26F6F6C7-9C2C-4B30-AE4B-BFC3854B1A9F}.Debug|x86.Build.0 = Debug|Win32
		{26F6F6C7-9C2C-4B30-AE4B-BFC3854B1A9F}.Release|x64.ActiveCfg = Release|x64
		{26F6F6C7-9C2C-4B30-AE4B-BFC3854B1A9F}.Release|x64.Build.0 = Release|x64
		{26F6F6C7-9C2C-4B30-AE4B-BFC3854B1A9F}.Release|x86.ActiveCfg = Release|Win32
		{26F6F6C7-9C2C-4B30-AE4B-BFC3854B1A9F}.Release|x86.Build.0 = Release|Win32
	EndGlobalSection
	GlobalSection(SolutionProperties) = preSolution
		HideSolutionNode = FALSE
	EndGlobalSection
EndGlobal
